
Microsoft Visual Studio Solution File, Format Version 12.00
# Visual Studio Version 17
VisualStudioVersion = 17.0.31903.59
MinimumVisualStudioVersion = 10.0.40219.1
Project("{FAE04EC0-301F-11D3-BF4B-00C04F79EFBC}") = "ToDoApp.API", "ToDoApp.API\ToDoApp.API.csproj", "{FBE848DE-4E08-4592-9721-944F7972BD37}"
EndProject
Project("{FAE04EC0-301F-11D3-BF4B-00C04F79EFBC}") = "ToDoApp.Application", "ToDoApp.Application\ToDoApp.Application.csproj", "{05A073E4-5969-4B8E-9051-EE5D72E5A346}"
EndProject
Project("{FAE04EC0-301F-11D3-BF4B-00C04F79EFBC}") = "ToDoApp.Domain", "ToDoApp.Domain\ToDoApp.Domain.csproj", "{44857C13-00B9-47F9-81F1-C327B287166D}"
EndProject
Project("{FAE04EC0-301F-11D3-BF4B-00C04F79EFBC}") = "ToDoApp.Infrastructure", "ToDoApp.Infrastructure\ToDoApp.Infrastructure.csproj", "{72BEE656-2017-4FEC-A379-13A47EFD9919}"
EndProject
Global
	GlobalSection(SolutionConfigurationPlatforms) = preSolution
		Debug|Any CPU = Debug|Any CPU
		Release|Any CPU = Release|Any CPU
	EndGlobalSection
	GlobalSection(SolutionProperties) = preSolution
		HideSolutionNode = FALSE
	EndGlobalSection
	GlobalSection(ProjectConfigurationPlatforms) = postSolution
		{FBE848DE-4E08-4592-9721-944F7972BD37}.Debug|Any CPU.ActiveCfg = Debug|Any CPU
		{FBE848DE-4E08-4592-9721-944F7972BD37}.Debug|Any CPU.Build.0 = Debug|Any CPU
		{FBE848DE-4E08-4592-9721-944F7972BD37}.Release|Any CPU.ActiveCfg = Release|Any CPU
		{FBE848DE-4E08-4592-9721-944F7972BD37}.Release|Any CPU.Build.0 = Release|Any CPU
		{05A073E4-5969-4B8E-9051-EE5D72E5A346}.Debug|Any CPU.ActiveCfg = Debug|Any CPU
		{05A073E4-5969-4B8E-9051-EE5D72E5A346}.Debug|Any CPU.Build.0 = Debug|Any CPU
		{05A073E4-5969-4B8E-9051-EE5D72E5A346}.Release|Any CPU.ActiveCfg = Release|Any CPU
		{05A073E4-5969-4B8E-9051-EE5D72E5A346}.Release|Any CPU.Build.0 = Release|Any CPU
		{44857C13-00B9-47F9-81F1-C327B287166D}.Debug|Any CPU.ActiveCfg = Debug|Any CPU
		{44857C13-00B9-47F9-81F1-C327B287166D}.Debug|Any CPU.Build.0 = Debug|Any CPU
		{44857C13-00B9-47F9-81F1-C327B287166D}.Release|Any CPU.ActiveCfg = Release|Any CPU
		{44857C13-00B9-47F9-81F1-C327B287166D}.Release|Any CPU.Build.0 = Release|Any CPU
		{72BEE656-2017-4FEC-A379-13A47EFD9919}.Debug|Any CPU.ActiveCfg = Debug|Any CPU
		{72BEE656-2017-4FEC-A379-13A47EFD9919}.Debug|Any CPU.Build.0 = Debug|Any CPU
		{72BEE656-2017-4FEC-A379-13A47EFD9919}.Release|Any CPU.ActiveCfg = Release|Any CPU
		{72BEE656-2017-4FEC-A379-13A47EFD9919}.Release|Any CPU.Build.0 = Release|Any CPU
	EndGlobalSection
EndGlobal
